
Microsoft Visual Studio Solution File, Format Version 12.00
# Visual Studio Version 17
VisualStudioVersion = 17.0.31903.59
MinimumVisualStudioVersion = 10.0.40219.1
Project("{FAE04EC0-301F-11D3-BF4B-00C04F79EFBC}") = "Wholphin.Engine", "Wholphin.Engine\Wholphin.Engine.csproj", "{35D70971-4ABA-45C6-A515-5B8AAADC56BB}"
EndProject
Project("{FAE04EC0-301F-11D3-BF4B-00C04F79EFBC}") = "Wholphin.Engine.Tests", "Wholphin.Engine.Tests\Wholphin.Engine.Tests.csproj", "{27E1DD78-0A78-4D10-AFF9-7D948FD3224F}"
EndProject
Global
	GlobalSection(SolutionConfigurationPlatforms) = preSolution
		Debug|Any CPU = Debug|Any CPU
		Debug|x64 = Debug|x64
		Debug|x86 = Debug|x86
		Release|Any CPU = Release|Any CPU
		Release|x64 = Release|x64
		Release|x86 = Release|x86
	EndGlobalSection
	GlobalSection(ProjectConfigurationPlatforms) = postSolution
		{35D70971-4ABA-45C6-A515-5B8AAADC56BB}.Debug|Any CPU.ActiveCfg = Debug|Any CPU
		{35D70971-4ABA-45C6-A515-5B8AAADC56BB}.Debug|Any CPU.Build.0 = Debug|Any CPU
		{35D70971-4ABA-45C6-A515-5B8AAADC56BB}.Debug|x64.ActiveCfg = Debug|Any CPU
		{35D70971-4ABA-45C6-A515-5B8AAADC56BB}.Debug|x64.Build.0 = Debug|Any CPU
		{35D70971-4ABA-45C6-A515-5B8AAADC56BB}.Debug|x86.ActiveCfg = Debug|Any CPU
		{35D70971-4ABA-45C6-A515-5B8AAADC56BB}.Debug|x86.Build.0 = Debug|Any CPU
		{35D70971-4ABA-45C6-A515-5B8AAADC56BB}.Release|Any CPU.ActiveCfg = Release|Any CPU
		{35D70971-4ABA-45C6-A515-5B8AAADC56BB}.Release|Any CPU.Build.0 = Release|Any CPU
		{35D70971-4ABA-45C6-A515-5B8AAADC56BB}.Release|x64.ActiveCfg = Release|Any CPU
		{35D70971-4ABA-45C6-A515-5B8AAADC56BB}.Release|x64.Build.0 = Release|Any CPU
		{35D70971-4ABA-45C6-A515-5B8AAADC56BB}.Release|x86.ActiveCfg = Release|Any CPU
		{35D70971-4ABA-45C6-A515-5B8AAADC56BB}.Release|x86.Build.0 = Release|Any CPU
		{27E1DD78-0A78-4D10-AFF9-7D948FD3224F}.Debug|Any CPU.ActiveCfg = Debug|Any CPU
		{27E1DD78-0A78-4D10-AFF9-7D948FD3224F}.Debug|Any CPU.Build.0 = Debug|Any CPU
		{27E1DD78-0A78-4D10-AFF9-7D948FD3224F}.Debug|x64.ActiveCfg = Debug|Any CPU
		{27E1DD78-0A78-4D10-AFF9-7D948FD3224F}.Debug|x64.Build.0 = Debug|Any CPU
		{27E1DD78-0A78-4D10-AFF9-7D948FD3224F}.Debug|x86.ActiveCfg = Debug|Any CPU
		{27E1DD78-0A78-4D10-AFF9-7D948FD3224F}.Debug|x86.Build.0 = Debug|Any CPU
		{27E1DD78-0A78-4D10-AFF9-7D948FD3224F}.Release|Any CPU.ActiveCfg = Release|Any CPU
		{27E1DD78-0A78-4D10-AFF9-7D948FD3224F}.Release|Any CPU.Build.0 = Release|Any CPU
		{27E1DD78-0A78-4D10-AFF9-7D948FD3224F}.Release|x64.ActiveCfg = Release|Any CPU
		{27E1DD78-0A78-4D10-AFF9-7D948FD3224F}.Release|x64.Build.0 = Release|Any CPU
		{27E1DD78-0A78-4D10-AFF9-7D948FD3224F}.Release|x86.ActiveCfg = Release|Any CPU
		{27E1DD78-0A78-4D10-AFF9-7D948FD3224F}.Release|x86.Build.0 = Release|Any CPU
	EndGlobalSection
	GlobalSection(SolutionProperties) = preSolution
		HideSolutionNode = FALSE
	EndGlobalSection
EndGlobal
